// !$*UTF8*$!
{
	archiveVersion = 1;
	classes = {
	};
	objectVersion = 77;
	objects = {

/* Begin PBXBuildFile section */
		3748B658EEE9AA28E6326C1D /* cert.der in Resources */ = {isa = PBXBuildFile; fileRef = EBF2C34A6E0764775914932D /* cert.der */; };
		4F6F27EB18FD9B0FF713D7AB /* TVRemoteApp.swift in Sources */ = {isa = PBXBuildFile; fileRef = 94A46E339FC62F654E112631 /* TVRemoteApp.swift */; };
		58F49635BC4DBDE161625848 /* TVRemoteCore.swift in Sources */ = {isa = PBXBuildFile; fileRef = 985A0E8323ED3A0EB522D2E3 /* TVRemoteCore.swift */; };
		5D3C53562AB24C1574C7966A /* AndroidTVRemoteControl in Frameworks */ = {isa = PBXBuildFile; productRef = 7CEDB0B83DC6094B0B7A9C7C /* AndroidTVRemoteControl */; };
		7C0B16A58732E45AA992486C /* Assets.xcassets in Resources */ = {isa = PBXBuildFile; fileRef = 7710BFB4F02645288E5B22EE /* Assets.xcassets */; };
		CA6EFCC7C4D4481E7BFC5086 /* cert.p12 in Resources */ = {isa = PBXBuildFile; fileRef = FC2879AE76700A6BE459C2B5 /* cert.p12 */; };
		CC9D1E6D90E68C668E2248B9 /* TVConfig.swift in Sources */ = {isa = PBXBuildFile; fileRef = 8BA790353001EB408B159416 /* TVConfig.swift */; };
/* End PBXBuildFile section */

/* Begin PBXFileReference section */
		0BC463A22746FC7242D33175 /* TVRemote.entitlements */ = {isa = PBXFileReference; lastKnownFileType = text.plist.entitlements; path = TVRemote.entitlements; sourceTree = "<group>"; };
		4A925A32C00EA5E0EA005803 /* TVRemote.app */ = {isa = PBXFileReference; explicitFileType = wrapper.application; includeInIndex = 0; path = TVRemote.app; sourceTree = BUILT_PRODUCTS_DIR; };
		7710BFB4F02645288E5B22EE /* Assets.xcassets */ = {isa = PBXFileReference; lastKnownFileType = folder.assetcatalog; path = Assets.xcassets; sourceTree = "<group>"; };
		8BA790353001EB408B159416 /* TVConfig.swift */ = {isa = PBXFileReference; lastKnownFileType = sourcecode.swift; path = TVConfig.swift; sourceTree = "<group>"; };
		94A46E339FC62F654E112631 /* TVRemoteApp.swift */ = {isa = PBXFileReference; lastKnownFileType = sourcecode.swift; path = TVRemoteApp.swift; sourceTree = "<group>"; };
		985A0E8323ED3A0EB522D2E3 /* TVRemoteCore.swift */ = {isa = PBXFileReference; lastKnownFileType = sourcecode.swift; path = TVRemoteCore.swift; sourceTree = "<group>"; };
		BEB74C4E4F0003FA369D7DFA /* AndroidTVRemoteControl */ = {isa = PBXFileReference; lastKnownFileType = folder; name = AndroidTVRemoteControl; path = Vendor/AndroidTVRemoteControl; sourceTree = SOURCE_ROOT; };
		C312E9C7FC9B612C7292F1D0 /* Info.plist */ = {isa = PBXFileReference; lastKnownFileType = text.plist; path = Info.plist; sourceTree = "<group>"; };
		EBF2C34A6E0764775914932D /* cert.der */ = {isa = PBXFileReference; path = cert.der; sourceTree = "<group>"; };
		FC2879AE76700A6BE459C2B5 /* cert.p12 */ = {isa = PBXFileReference; path = cert.p12; sourceTree = "<group>"; };
/* End PBXFileReference section */

/* Begin PBXFrameworksBuildPhase section */
		877F6194D39CA99633114BE3 /* Frameworks */ = {
			isa = PBXFrameworksBuildPhase;
			buildActionMask = 2147483647;
			files = (
				5D3C53562AB24C1574C7966A /* AndroidTVRemoteControl in Frameworks */,
			);
			runOnlyForDeploymentPostprocessing = 0;
		};
/* End PBXFrameworksBuildPhase section */

/* Begin PBXGroup section */
		094975E68A6DDA2334570010 /* TVRemote */ = {
			isa = PBXGroup;
			children = (
				7710BFB4F02645288E5B22EE /* Assets.xcassets */,
				C312E9C7FC9B612C7292F1D0 /* Info.plist */,
				0BC463A22746FC7242D33175 /* TVRemote.entitlements */,
				94A46E339FC62F654E112631 /* TVRemoteApp.swift */,
			);
			path = TVRemote;
			sourceTree = "<group>";
		};
		312432EC09739FA31B7ECAEE /* Resources */ = {
			isa = PBXGroup;
			children = (
				EBF2C34A6E0764775914932D /* cert.der */,
				FC2879AE76700A6BE459C2B5 /* cert.p12 */,
			);
			name = Resources;
			path = Shared/Resources;
			sourceTree = "<group>";
		};
		809CE646BA20C16430D38ACF /* Products */ = {
			isa = PBXGroup;
			children = (
				4A925A32C00EA5E0EA005803 /* TVRemote.app */,
			);
			name = Products;
			sourceTree = "<group>";
		};
		871155CF36B7CF094A07EA61 /* Packages */ = {
			isa = PBXGroup;
			children = (
				BEB74C4E4F0003FA369D7DFA /* AndroidTVRemoteControl */,
			);
			name = Packages;
			sourceTree = "<group>";
		};
		992F40EEB2C6F75A66329BF1 = {
			isa = PBXGroup;
			children = (
				871155CF36B7CF094A07EA61 /* Packages */,
				312432EC09739FA31B7ECAEE /* Resources */,
				9D6CE2D2B88A8E07A438F33D /* Shared */,
				094975E68A6DDA2334570010 /* TVRemote */,
				809CE646BA20C16430D38ACF /* Products */,
			);
			sourceTree = "<group>";
		};
		9D6CE2D2B88A8E07A438F33D /* Shared */ = {
			isa = PBXGroup;
			children = (
				8BA790353001EB408B159416 /* TVConfig.swift */,
				985A0E8323ED3A0EB522D2E3 /* TVRemoteCore.swift */,
			);
			path = Shared;
			sourceTree = "<group>";
		};
/* End PBXGroup section */

/* Begin PBXNativeTarget section */
		CEB2E52F8C745D1CCEDABF57 /* TVRemote */ = {
			isa = PBXNativeTarget;
			buildConfigurationList = 9A4F6DA99C43D02BF69E2558 /* Build configuration list for PBXNativeTarget "TVRemote" */;
			buildPhases = (
				418807493ADF74E17B20D9AC /* Sources */,
				DC9C11B86D20C9CDE7658E29 /* Resources */,
				877F6194D39CA99633114BE3 /* Frameworks */,
			);
			buildRules = (
			);
			dependencies = (
			);
			name = TVRemote;
			packageProductDependencies = (
				7CEDB0B83DC6094B0B7A9C7C /* AndroidTVRemoteControl */,
			);
			productName = TVRemote;
			productReference = 4A925A32C00EA5E0EA005803 /* TVRemote.app */;
			productType = "com.apple.product-type.application";
		};
/* End PBXNativeTarget section */

/* Begin PBXProject section */
		C6A84324EF563986EB3FF478 /* Project object */ = {
			isa = PBXProject;
			attributes = {
				BuildIndependentTargetsInParallel = YES;
				LastUpgradeCheck = 1430;
				TargetAttributes = {
					CEB2E52F8C745D1CCEDABF57 = {
						DevelopmentTeam = C66H6X7SJ9;
						ProvisioningStyle = Automatic;
					};
				};
			};
			buildConfigurationList = 1098F52F99DFD1D4F063ADC9 /* Build configuration list for PBXProject "TVRemote" */;
			developmentRegion = en;
			hasScannedForEncodings = 0;
			knownRegions = (
				Base,
				en,
			);
			mainGroup = 992F40EEB2C6F75A66329BF1;
			minimizedProjectReferenceProxies = 1;
			packageReferences = (
				81D55991F8EEDD7A59DE27B4 /* XCLocalSwiftPackageReference "Vendor/AndroidTVRemoteControl" */,
			);
			preferredProjectObjectVersion = 77;
			productRefGroup = 809CE646BA20C16430D38ACF /* Products */;
			projectDirPath = "";
			projectRoot = "";
			targets = (
				CEB2E52F8C745D1CCEDABF57 /* TVRemote */,
			);
		};
/* End PBXProject section */

/* Begin PBXResourcesBuildPhase section */
		DC9C11B86D20C9CDE7658E29 /* Resources */ = {
			isa = PBXResourcesBuildPhase;
			buildActionMask = 2147483647;
			files = (
				7C0B16A58732E45AA992486C /* Assets.xcassets in Resources */,
				3748B658EEE9AA28E6326C1D /* cert.der in Resources */,
				CA6EFCC7C4D4481E7BFC5086 /* cert.p12 in Resources */,
			);
			runOnlyForDeploymentPostprocessing = 0;
		};
/* End PBXResourcesBuildPhase section */

/* Begin PBXSourcesBuildPhase section */
		418807493ADF74E17B20D9AC /* Sources */ = {
			isa = PBXSourcesBuildPhase;
			buildActionMask = 2147483647;
			files = (
				CC9D1E6D90E68C668E2248B9 /* TVConfig.swift in Sources */,
				4F6F27EB18FD9B0FF713D7AB /* TVRemoteApp.swift in Sources */,
				58F49635BC4DBDE161625848 /* TVRemoteCore.swift in Sources */,
			);
			runOnlyForDeploymentPostprocessing = 0;
		};
/* End PBXSourcesBuildPhase section */

/* Begin XCBuildConfiguration section */
		2BEC5CDAED92E68D627E7844 /* Release */ = {
			isa = XCBuildConfiguration;
			buildSettings = {
				ASSETCATALOG_COMPILER_APPICON_NAME = AppIcon;
				CODE_SIGN_ENTITLEMENTS = TVRemote/TVRemote.entitlements;
				COMBINE_HIDPI_IMAGES = YES;
				GENERATE_INFOPLIST_FILE = YES;
				INFOPLIST_FILE = TVRemote/Info.plist;
				LD_RUNPATH_SEARCH_PATHS = (
					"$(inherited)",
					"@executable_path/../Frameworks",
				);
				PRODUCT_BUNDLE_IDENTIFIER = local.eduardo.tvremote;
				PRODUCT_NAME = TVRemote;
				SDKROOT = macosx;
			};
			name = Release;
		};
		3052027F00F698B1534D75DE /* Debug */ = {
			isa = XCBuildConfiguration;
			buildSettings = {
				ALWAYS_SEARCH_USER_PATHS = NO;
				CLANG_ANALYZER_NONNULL = YES;
				CLANG_ANALYZER_NUMBER_OBJECT_CONVERSION = YES_AGGRESSIVE;
				CLANG_CXX_LANGUAGE_STANDARD = "gnu++14";
				CLANG_CXX_LIBRARY = "libc++";
				CLANG_ENABLE_MODULES = YES;
				CLANG_ENABLE_OBJC_ARC = YES;
				CLANG_ENABLE_OBJC_WEAK = YES;
				CLANG_WARN_BLOCK_CAPTURE_AUTORELEASING = YES;
				CLANG_WARN_BOOL_CONVERSION = YES;
				CLANG_WARN_COMMA = YES;
				CLANG_WARN_CONSTANT_CONVERSION = YES;
				CLANG_WARN_DEPRECATED_OBJC_IMPLEMENTATIONS = YES;
				CLANG_WARN_DIRECT_OBJC_ISA_USAGE = YES_ERROR;
				CLANG_WARN_DOCUMENTATION_COMMENTS = YES;
				CLANG_WARN_EMPTY_BODY = YES;
				CLANG_WARN_ENUM_CONVERSION = YES;
				CLANG_WARN_INFINITE_RECURSION = YES;
				CLANG_WARN_INT_CONVERSION = YES;
				CLANG_WARN_NON_LITERAL_NULL_CONVERSION = YES;
				CLANG_WARN_OBJC_IMPLICIT_RETAIN_SELF = YES;
				CLANG_WARN_OBJC_LITERAL_CONVERSION = YES;
				CLANG_WARN_OBJC_ROOT_CLASS = YES_ERROR;
				CLANG_WARN_QUOTED_INCLUDE_IN_FRAMEWORK_HEADER = YES;
				CLANG_WARN_RANGE_LOOP_ANALYSIS = YES;
				CLANG_WARN_STRICT_PROTOTYPES = YES;
				CLANG_WARN_SUSPICIOUS_MOVE = YES;
				CLANG_WARN_UNGUARDED_AVAILABILITY = YES_AGGRESSIVE;
				CLANG_WARN_UNREACHABLE_CODE = YES;
				CLANG_WARN__DUPLICATE_METHOD_MATCH = YES;
				CODE_SIGN_STYLE = Automatic;
				COPY_PHASE_STRIP = NO;
				CURRENT_PROJECT_VERSION = 32;
				DEBUG_INFORMATION_FORMAT = dwarf;
				DEVELOPMENT_TEAM = C66H6X7SJ9;
				ENABLE_STRICT_OBJC_MSGSEND = YES;
				ENABLE_TESTABILITY = YES;
				GCC_C_LANGUAGE_STANDARD = gnu11;
				GCC_DYNAMIC_NO_PIC = NO;
				GCC_NO_COMMON_BLOCKS = YES;
				GCC_OPTIMIZATION_LEVEL = 0;
				GCC_PREPROCESSOR_DEFINITIONS = (
					"$(inherited)",
					"DEBUG=1",
				);
				GCC_WARN_64_TO_32_BIT_CONVERSION = YES;
				GCC_WARN_ABOUT_RETURN_TYPE = YES_ERROR;
				GCC_WARN_UNDECLARED_SELECTOR = YES;
				GCC_WARN_UNINITIALIZED_AUTOS = YES_AGGRESSIVE;
				GCC_WARN_UNUSED_FUNCTION = YES;
				GCC_WARN_UNUSED_VARIABLE = YES;
				MACOSX_DEPLOYMENT_TARGET = 14.0;
				MARKETING_VERSION = 1.0;
				MTL_ENABLE_DEBUG_INFO = INCLUDE_SOURCE;
				MTL_FAST_MATH = YES;
				ONLY_ACTIVE_ARCH = YES;
				PRODUCT_NAME = "$(TARGET_NAME)";
				SDKROOT = macosx;
				SWIFT_ACTIVE_COMPILATION_CONDITIONS = DEBUG;
				SWIFT_OPTIMIZATION_LEVEL = "-Onone";
				SWIFT_VERSION = 5.10;
			};
			name = Debug;
		};
		F121ED9ACF3CCC5354591688 /* Release */ = {
			isa = XCBuildConfiguration;
			buildSettings = {
				ALWAYS_SEARCH_USER_PATHS = NO;
				CLANG_ANALYZER_NONNULL = YES;
				CLANG_ANALYZER_NUMBER_OBJECT_CONVERSION = YES_AGGRESSIVE;
				CLANG_CXX_LANGUAGE_STANDARD = "gnu++14";
				CLANG_CXX_LIBRARY = "libc++";
				CLANG_ENABLE_MODULES = YES;
				CLANG_ENABLE_OBJC_ARC = YES;
				CLANG_ENABLE_OBJC_WEAK = YES;
				CLANG_WARN_BLOCK_CAPTURE_AUTORELEASING = YES;
				CLANG_WARN_BOOL_CONVERSION = YES;
				CLANG_WARN_COMMA = YES;
				CLANG_WARN_CONSTANT_CONVERSION = YES;
				CLANG_WARN_DEPRECATED_OBJC_IMPLEMENTATIONS = YES;
				CLANG_WARN_DIRECT_OBJC_ISA_USAGE = YES_ERROR;
				CLANG_WARN_DOCUMENTATION_COMMENTS = YES;
				CLANG_WARN_EMPTY_BODY = YES;
				CLANG_WARN_ENUM_CONVERSION = YES;
				CLANG_WARN_INFINITE_RECURSION = YES;
				CLANG_WARN_INT_CONVERSION = YES;
				CLANG_WARN_NON_LITERAL_NULL_CONVERSION = YES;
				CLANG_WARN_OBJC_IMPLICIT_RETAIN_SELF = YES;
				CLANG_WARN_OBJC_LITERAL_CONVERSION = YES;
				CLANG_WARN_OBJC_ROOT_CLASS = YES_ERROR;
				CLANG_WARN_QUOTED_INCLUDE_IN_FRAMEWORK_HEADER = YES;
				CLANG_WARN_RANGE_LOOP_ANALYSIS = YES;
				CLANG_WARN_STRICT_PROTOTYPES = YES;
				CLANG_WARN_SUSPICIOUS_MOVE = YES;
				CLANG_WARN_UNGUARDED_AVAILABILITY = YES_AGGRESSIVE;
				CLANG_WARN_UNREACHABLE_CODE = YES;
				CLANG_WARN__DUPLICATE_METHOD_MATCH = YES;
				CODE_SIGN_STYLE = Automatic;
				COPY_PHASE_STRIP = NO;
				CURRENT_PROJECT_VERSION = 32;
				DEBUG_INFORMATION_FORMAT = "dwarf-with-dsym";
				DEVELOPMENT_TEAM = C66H6X7SJ9;
				ENABLE_NS_ASSERTIONS = NO;
				ENABLE_STRICT_OBJC_MSGSEND = YES;
				GCC_C_LANGUAGE_STANDARD = gnu11;
				GCC_NO_COMMON_BLOCKS = YES;
				GCC_WARN_64_TO_32_BIT_CONVERSION = YES;
				GCC_WARN_ABOUT_RETURN_TYPE = YES_ERROR;
				GCC_WARN_UNDECLARED_SELECTOR = YES;
				GCC_WARN_UNINITIALIZED_AUTOS = YES_AGGRESSIVE;
				GCC_WARN_UNUSED_FUNCTION = YES;
				GCC_WARN_UNUSED_VARIABLE = YES;
				MACOSX_DEPLOYMENT_TARGET = 14.0;
				MARKETING_VERSION = 1.0;
				MTL_ENABLE_DEBUG_INFO = NO;
				MTL_FAST_MATH = YES;
				PRODUCT_NAME = "$(TARGET_NAME)";
				SDKROOT = macosx;
				SWIFT_COMPILATION_MODE = wholemodule;
				SWIFT_OPTIMIZATION_LEVEL = "-O";
				SWIFT_VERSION = 5.10;
			};
			name = Release;
		};
		FDA805FBBC1F5271E398EEB5 /* Debug */ = {
			isa = XCBuildConfiguration;
			buildSettings = {
				ASSETCATALOG_COMPILER_APPICON_NAME = AppIcon;
				CODE_SIGN_ENTITLEMENTS = TVRemote/TVRemote.entitlements;
				COMBINE_HIDPI_IMAGES = YES;
				GENERATE_INFOPLIST_FILE = YES;
				INFOPLIST_FILE = TVRemote/Info.plist;
				LD_RUNPATH_SEARCH_PATHS = (
					"$(inherited)",
					"@executable_path/../Frameworks",
				);
				PRODUCT_BUNDLE_IDENTIFIER = local.eduardo.tvremote;
				PRODUCT_NAME = TVRemote;
				SDKROOT = macosx;
			};
			name = Debug;
		};
/* End XCBuildConfiguration section */

/* Begin XCConfigurationList section */
		1098F52F99DFD1D4F063ADC9 /* Build configuration list for PBXProject "TVRemote" */ = {
			isa = XCConfigurationList;
			buildConfigurations = (
				3052027F00F698B1534D75DE /* Debug */,
				F121ED9ACF3CCC5354591688 /* Release */,
			);
			defaultConfigurationIsVisible = 0;
			defaultConfigurationName = Debug;
		};
		9A4F6DA99C43D02BF69E2558 /* Build configuration list for PBXNativeTarget "TVRemote" */ = {
			isa = XCConfigurationList;
			buildConfigurations = (
				FDA805FBBC1F5271E398EEB5 /* Debug */,
				2BEC5CDAED92E68D627E7844 /* Release */,
			);
			defaultConfigurationIsVisible = 0;
			defaultConfigurationName = Debug;
		};
/* End XCConfigurationList section */

/* Begin XCLocalSwiftPackageReference section */
		81D55991F8EEDD7A59DE27B4 /* XCLocalSwiftPackageReference "Vendor/AndroidTVRemoteControl" */ = {
			isa = XCLocalSwiftPackageReference;
			relativePath = Vendor/AndroidTVRemoteControl;
		};
/* End XCLocalSwiftPackageReference section */

/* Begin XCSwiftPackageProductDependency section */
		7CEDB0B83DC6094B0B7A9C7C /* AndroidTVRemoteControl */ = {
			isa = XCSwiftPackageProductDependency;
			productName = AndroidTVRemoteControl;
		};
/* End XCSwiftPackageProductDependency section */
	};
	rootObject = C6A84324EF563986EB3FF478 /* Project object */;
}
